<?xml version="1.0" encoding="utf-8"?>
<Project ToolsVersion="4.0" xmlns="http://schemas.microsoft.com/developer/msbuild/2003">
  <ItemGroup>
    <Text Include="ReadMe.txt" />
  </ItemGroup>
  <ItemGroup>
    <Filter Include="math">
      <UniqueIdentifier>{a0ae7521-f442-4c5e-9d21-9b1dc0095e80}</UniqueIdentifier>
    </Filter>
  </ItemGroup>
  <ItemGroup>
    <ClInclude Include="math\Math.h">
      <Filter>math</Filter>
    </ClInclude>
    <ClInclude Include="math\Vector.h">
      <Filter>math</Filter>
    </ClInclude>
    <ClInclude Include="math\Util.h">
      <Filter>math</Filter>
    </ClInclude>
    <ClInclude Include="math\Matrix.h">
      <Filter>math</Filter>
    </ClInclude>
    <ClInclude Include="Geometry.h" />
    <ClInclude Include="Color.h" />
    <ClInclude Include="Utility.h" />
    <ClInclude Include="Device.h" />
    <ClInclude Include="Error.h" />
    <ClInclude Include="DrawHelper.h" />
  </ItemGroup>
  <ItemGroup>
    <ClCompile Include="math\Vector.cpp">
      <Filter>math</Filter>
    </ClCompile>
    <ClCompile Include="math\Matrix.cpp">
      <Filter>math</Filter>
    </ClCompile>
    <ClCompile Include="Color.cpp" />
    <ClCompile Include="Geometry.cpp" />
    <ClCompile Include="Device.cpp" />
    <ClCompile Include="Error.cpp" />
    <ClCompile Include="DrawHelper.cpp" />
    <ClCompile Include="math\Util.cpp">
      <Filter>math</Filter>
    </ClCompile>
  </ItemGroup>
  <ItemGroup>
    <None Include="math\Matrix.inl">
      <Filter>math</Filter>
    </None>
  </ItemGroup>
</Project>